// !$*UTF8*$!
{
	archiveVersion = 1;
	classes = {
	};
	objectVersion = 50;
	objects = {

/* Begin PBXBuildFile section */
		C4A26F76220CF42500AEC31A /* CustomButton.swift in Sources */ = {isa = PBXBuildFile; fileRef = C4A26F75220CF42500AEC31A /* CustomButton.swift */; };
		C4A26F78220CF6B100AEC31A /* CustomTextField.swift in Sources */ = {isa = PBXBuildFile; fileRef = C4A26F77220CF6B100AEC31A /* CustomTextField.swift */; };
		C4A26F7A220D0C6200AEC31A /* UIColor + CustomColor.swift in Sources */ = {isa = PBXBuildFile; fileRef = C4A26F79220D0C6200AEC31A /* UIColor + CustomColor.swift */; };
		C4C36C7C2209399A003ADF72 /* AppDelegate.swift in Sources */ = {isa = PBXBuildFile; fileRef = C4C36C7B2209399A003ADF72 /* AppDelegate.swift */; };
		C4C36C812209399A003ADF72 /* Main.storyboard in Resources */ = {isa = PBXBuildFile; fileRef = C4C36C7F2209399A003ADF72 /* Main.storyboard */; };
		C4C36C832209399B003ADF72 /* Assets.xcassets in Resources */ = {isa = PBXBuildFile; fileRef = C4C36C822209399B003ADF72 /* Assets.xcassets */; };
		C4C36C862209399B003ADF72 /* LaunchScreen.storyboard in Resources */ = {isa = PBXBuildFile; fileRef = C4C36C842209399B003ADF72 /* LaunchScreen.storyboard */; };
		C4C36C8E22093E62003ADF72 /* LoginViewController.swift in Sources */ = {isa = PBXBuildFile; fileRef = C4C36C8D22093E62003ADF72 /* LoginViewController.swift */; };
		C4C36C90220946EA003ADF72 /* SignupViewController.swift in Sources */ = {isa = PBXBuildFile; fileRef = C4C36C8F220946EA003ADF72 /* SignupViewController.swift */; };
		C4C36C9622094CA3003ADF72 /* CardEntriesDetailViewController.swift in Sources */ = {isa = PBXBuildFile; fileRef = C4C36C9522094CA3003ADF72 /* CardEntriesDetailViewController.swift */; };
		C4C36C9822094CFF003ADF72 /* JournalEntriesDetailViewController.swift in Sources */ = {isa = PBXBuildFile; fileRef = C4C36C9722094CFF003ADF72 /* JournalEntriesDetailViewController.swift */; };
		C4C36C9A22094D63003ADF72 /* JournalEntriesTableViewController.swift in Sources */ = {isa = PBXBuildFile; fileRef = C4C36C9922094D63003ADF72 /* JournalEntriesTableViewController.swift */; };
		C4C36C9C2209F05F003ADF72 /* NetworkController.swift in Sources */ = {isa = PBXBuildFile; fileRef = C4C36C9B2209F05F003ADF72 /* NetworkController.swift */; };
		C4C36C9E220B681E003ADF72 /* Exercise.swift in Sources */ = {isa = PBXBuildFile; fileRef = C4C36C9D220B681E003ADF72 /* Exercise.swift */; };
		C4C3F58F220E0B270018DE5B /* CustomView.swift in Sources */ = {isa = PBXBuildFile; fileRef = C4C3F58E220E0B270018DE5B /* CustomView.swift */; };
		C4C3F59422124DD10018DE5B /* CardEntriesTableViewController.swift in Sources */ = {isa = PBXBuildFile; fileRef = C4C3F59322124DD10018DE5B /* CardEntriesTableViewController.swift */; };
		C4C3F59622124DED0018DE5B /* CardTableViewCell.swift in Sources */ = {isa = PBXBuildFile; fileRef = C4C3F59522124DED0018DE5B /* CardTableViewCell.swift */; };
		C4C3F59822124DFD0018DE5B /* JournalTableViewCell.swift in Sources */ = {isa = PBXBuildFile; fileRef = C4C3F59722124DFD0018DE5B /* JournalTableViewCell.swift */; };
/* End PBXBuildFile section */

/* Begin PBXFileReference section */
		C4A26F75220CF42500AEC31A /* CustomButton.swift */ = {isa = PBXFileReference; lastKnownFileType = sourcecode.swift; path = CustomButton.swift; sourceTree = "<group>"; };
		C4A26F77220CF6B100AEC31A /* CustomTextField.swift */ = {isa = PBXFileReference; lastKnownFileType = sourcecode.swift; path = CustomTextField.swift; sourceTree = "<group>"; };
		C4A26F79220D0C6200AEC31A /* UIColor + CustomColor.swift */ = {isa = PBXFileReference; lastKnownFileType = sourcecode.swift; path = "UIColor + CustomColor.swift"; sourceTree = "<group>"; };
		C4C36C782209399A003ADF72 /* Weight Lift.app */ = {isa = PBXFileReference; explicitFileType = wrapper.application; includeInIndex = 0; path = "Weight Lift.app"; sourceTree = BUILT_PRODUCTS_DIR; };
		C4C36C7B2209399A003ADF72 /* AppDelegate.swift */ = {isa = PBXFileReference; lastKnownFileType = sourcecode.swift; path = AppDelegate.swift; sourceTree = "<group>"; };
		C4C36C802209399A003ADF72 /* Base */ = {isa = PBXFileReference; lastKnownFileType = file.storyboard; name = Base; path = Base.lproj/Main.storyboard; sourceTree = "<group>"; };
		C4C36C822209399B003ADF72 /* Assets.xcassets */ = {isa = PBXFileReference; lastKnownFileType = folder.assetcatalog; path = Assets.xcassets; sourceTree = "<group>"; };
		C4C36C852209399B003ADF72 /* Base */ = {isa = PBXFileReference; lastKnownFileType = file.storyboard; name = Base; path = Base.lproj/LaunchScreen.storyboard; sourceTree = "<group>"; };
		C4C36C872209399B003ADF72 /* Info.plist */ = {isa = PBXFileReference; lastKnownFileType = text.plist.xml; path = Info.plist; sourceTree = "<group>"; };
		C4C36C8D22093E62003ADF72 /* LoginViewController.swift */ = {isa = PBXFileReference; lastKnownFileType = sourcecode.swift; path = LoginViewController.swift; sourceTree = "<group>"; };
		C4C36C8F220946EA003ADF72 /* SignupViewController.swift */ = {isa = PBXFileReference; lastKnownFileType = sourcecode.swift; path = SignupViewController.swift; sourceTree = "<group>"; };
		C4C36C9522094CA3003ADF72 /* CardEntriesDetailViewController.swift */ = {isa = PBXFileReference; lastKnownFileType = sourcecode.swift; path = CardEntriesDetailViewController.swift; sourceTree = "<group>"; };
		C4C36C9722094CFF003ADF72 /* JournalEntriesDetailViewController.swift */ = {isa = PBXFileReference; lastKnownFileType = sourcecode.swift; path = JournalEntriesDetailViewController.swift; sourceTree = "<group>"; };
		C4C36C9922094D63003ADF72 /* JournalEntriesTableViewController.swift */ = {isa = PBXFileReference; lastKnownFileType = sourcecode.swift; path = JournalEntriesTableViewController.swift; sourceTree = "<group>"; };
		C4C36C9B2209F05F003ADF72 /* NetworkController.swift */ = {isa = PBXFileReference; lastKnownFileType = sourcecode.swift; path = NetworkController.swift; sourceTree = "<group>"; };
		C4C36C9D220B681E003ADF72 /* Exercise.swift */ = {isa = PBXFileReference; lastKnownFileType = sourcecode.swift; path = Exercise.swift; sourceTree = "<group>"; };
		C4C3F58E220E0B270018DE5B /* CustomView.swift */ = {isa = PBXFileReference; lastKnownFileType = sourcecode.swift; path = CustomView.swift; sourceTree = "<group>"; };
		C4C3F59322124DD10018DE5B /* CardEntriesTableViewController.swift */ = {isa = PBXFileReference; lastKnownFileType = sourcecode.swift; path = CardEntriesTableViewController.swift; sourceTree = "<group>"; };
		C4C3F59522124DED0018DE5B /* CardTableViewCell.swift */ = {isa = PBXFileReference; lastKnownFileType = sourcecode.swift; path = CardTableViewCell.swift; sourceTree = "<group>"; };
		C4C3F59722124DFD0018DE5B /* JournalTableViewCell.swift */ = {isa = PBXFileReference; lastKnownFileType = sourcecode.swift; path = JournalTableViewCell.swift; sourceTree = "<group>"; };
/* End PBXFileReference section */

/* Begin PBXFrameworksBuildPhase section */
		C4C36C752209399A003ADF72 /* Frameworks */ = {
			isa = PBXFrameworksBuildPhase;
			buildActionMask = 2147483647;
			files = (
			);
			runOnlyForDeploymentPostprocessing = 0;
		};
/* End PBXFrameworksBuildPhase section */

/* Begin PBXGroup section */
		C4C36C6F2209399A003ADF72 = {
			isa = PBXGroup;
			children = (
				C4C36C7A2209399A003ADF72 /* Weight Lift */,
				C4C36C792209399A003ADF72 /* Products */,
			);
			sourceTree = "<group>";
		};
		C4C36C792209399A003ADF72 /* Products */ = {
			isa = PBXGroup;
			children = (
				C4C36C782209399A003ADF72 /* Weight Lift.app */,
			);
			name = Products;
			sourceTree = "<group>";
		};
		C4C36C7A2209399A003ADF72 /* Weight Lift */ = {
			isa = PBXGroup;
			children = (
				C4C3F59C2213BD980018DE5B /* Resources */,
				C4C3F592220F80130018DE5B /* Appearance Helpers */,
				C4C3F599221394B30018DE5B /* View Controllers */,
				C4C3F59B2213BD7A0018DE5B /* Model Controller */,
				C4C3F59A2213B8CD0018DE5B /* Model */,
			);
			path = "Weight Lift";
			sourceTree = "<group>";
		};
		C4C3F592220F80130018DE5B /* Appearance Helpers */ = {
			isa = PBXGroup;
			children = (
				C4A26F79220D0C6200AEC31A /* UIColor + CustomColor.swift */,
				C4C3F58E220E0B270018DE5B /* CustomView.swift */,
				C4A26F75220CF42500AEC31A /* CustomButton.swift */,
				C4A26F77220CF6B100AEC31A /* CustomTextField.swift */,
			);
			path = "Appearance Helpers";
			sourceTree = "<group>";
		};
		C4C3F599221394B30018DE5B /* View Controllers */ = {
			isa = PBXGroup;
			children = (
				C4C36C9722094CFF003ADF72 /* JournalEntriesDetailViewController.swift */,
				C4C36C9922094D63003ADF72 /* JournalEntriesTableViewController.swift */,
				C4C36C9522094CA3003ADF72 /* CardEntriesDetailViewController.swift */,
				C4C3F59322124DD10018DE5B /* CardEntriesTableViewController.swift */,
				C4C36C8F220946EA003ADF72 /* SignupViewController.swift */,
				C4C36C8D22093E62003ADF72 /* LoginViewController.swift */,
			);
			path = "View Controllers";
			sourceTree = "<group>";
		};
		C4C3F59A2213B8CD0018DE5B /* Model */ = {
			isa = PBXGroup;
			children = (
				C4C36C9D220B681E003ADF72 /* Exercise.swift */,
			);
			path = Model;
			sourceTree = "<group>";
		};
		C4C3F59B2213BD7A0018DE5B /* Model Controller */ = {
			isa = PBXGroup;
			children = (
				C4C36C9B2209F05F003ADF72 /* NetworkController.swift */,
			);
			path = "Model Controller";
			sourceTree = "<group>";
		};
		C4C3F59C2213BD980018DE5B /* Resources */ = {
			isa = PBXGroup;
			children = (
				C4C36C7B2209399A003ADF72 /* AppDelegate.swift */,
				C4C36C7F2209399A003ADF72 /* Main.storyboard */,
				C4C3F59522124DED0018DE5B /* CardTableViewCell.swift */,
				C4C3F59722124DFD0018DE5B /* JournalTableViewCell.swift */,
				C4C36C822209399B003ADF72 /* Assets.xcassets */,
				C4C36C842209399B003ADF72 /* LaunchScreen.storyboard */,
				C4C36C872209399B003ADF72 /* Info.plist */,
			);
			path = Resources;
			sourceTree = "<group>";
		};
/* End PBXGroup section */

/* Begin PBXNativeTarget section */
		C4C36C772209399A003ADF72 /* Weight Lift */ = {
			isa = PBXNativeTarget;
			buildConfigurationList = C4C36C8A2209399B003ADF72 /* Build configuration list for PBXNativeTarget "Weight Lift" */;
			buildPhases = (
				C4C36C742209399A003ADF72 /* Sources */,
				C4C36C752209399A003ADF72 /* Frameworks */,
				C4C36C762209399A003ADF72 /* Resources */,
			);
			buildRules = (
			);
			dependencies = (
			);
			name = "Weight Lift";
			productName = "Weight Lift";
			productReference = C4C36C782209399A003ADF72 /* Weight Lift.app */;
			productType = "com.apple.product-type.application";
		};
/* End PBXNativeTarget section */

/* Begin PBXProject section */
		C4C36C702209399A003ADF72 /* Project object */ = {
			isa = PBXProject;
			attributes = {
				LastSwiftUpdateCheck = 1010;
				LastUpgradeCheck = 1010;
				ORGANIZATIONNAME = "Glas Labs";
				TargetAttributes = {
					C4C36C772209399A003ADF72 = {
						CreatedOnToolsVersion = 10.1;
					};
				};
			};
			buildConfigurationList = C4C36C732209399A003ADF72 /* Build configuration list for PBXProject "Weight Lift" */;
			compatibilityVersion = "Xcode 9.3";
			developmentRegion = en;
			hasScannedForEncodings = 0;
			knownRegions = (
				en,
				Base,
			);
			mainGroup = C4C36C6F2209399A003ADF72;
			productRefGroup = C4C36C792209399A003ADF72 /* Products */;
			projectDirPath = "";
			projectRoot = "";
			targets = (
				C4C36C772209399A003ADF72 /* Weight Lift */,
			);
		};
/* End PBXProject section */

/* Begin PBXResourcesBuildPhase section */
		C4C36C762209399A003ADF72 /* Resources */ = {
			isa = PBXResourcesBuildPhase;
			buildActionMask = 2147483647;
			files = (
				C4C36C862209399B003ADF72 /* LaunchScreen.storyboard in Resources */,
				C4C36C832209399B003ADF72 /* Assets.xcassets in Resources */,
				C4C36C812209399A003ADF72 /* Main.storyboard in Resources */,
			);
			runOnlyForDeploymentPostprocessing = 0;
		};
/* End PBXResourcesBuildPhase section */

/* Begin PBXSourcesBuildPhase section */
		C4C36C742209399A003ADF72 /* Sources */ = {
			isa = PBXSourcesBuildPhase;
			buildActionMask = 2147483647;
			files = (
				C4A26F7A220D0C6200AEC31A /* UIColor + CustomColor.swift in Sources */,
				C4C36C9A22094D63003ADF72 /* JournalEntriesTableViewController.swift in Sources */,
				C4C36C8E22093E62003ADF72 /* LoginViewController.swift in Sources */,
				C4C3F59422124DD10018DE5B /* CardEntriesTableViewController.swift in Sources */,
				C4C3F58F220E0B270018DE5B /* CustomView.swift in Sources */,
				C4C36C90220946EA003ADF72 /* SignupViewController.swift in Sources */,
				C4C36C9622094CA3003ADF72 /* CardEntriesDetailViewController.swift in Sources */,
				C4C3F59822124DFD0018DE5B /* JournalTableViewCell.swift in Sources */,
				C4C36C7C2209399A003ADF72 /* AppDelegate.swift in Sources */,
				C4C36C9E220B681E003ADF72 /* Exercise.swift in Sources */,
				C4A26F76220CF42500AEC31A /* CustomButton.swift in Sources */,
				C4A26F78220CF6B100AEC31A /* CustomTextField.swift in Sources */,
				C4C36C9822094CFF003ADF72 /* JournalEntriesDetailViewController.swift in Sources */,
				C4C36C9C2209F05F003ADF72 /* NetworkController.swift in Sources */,
				C4C3F59622124DED0018DE5B /* CardTableViewCell.swift in Sources */,
			);
			runOnlyForDeploymentPostprocessing = 0;
		};
/* End PBXSourcesBuildPhase section */

/* Begin PBXVariantGroup section */
		C4C36C7F2209399A003ADF72 /* Main.storyboard */ = {
			isa = PBXVariantGroup;
			children = (
				C4C36C802209399A003ADF72 /* Base */,
			);
			name = Main.storyboard;
			sourceTree = "<group>";
		};
		C4C36C842209399B003ADF72 /* LaunchScreen.storyboard */ = {
			isa = PBXVariantGroup;
			children = (
				C4C36C852209399B003ADF72 /* Base */,
			);
			name = LaunchScreen.storyboard;
			sourceTree = "<group>";
		};
/* End PBXVariantGroup section */

/* Begin XCBuildConfiguration section */
		C4C36C882209399B003ADF72 /* Debug */ = {
			isa = XCBuildConfiguration;
			buildSettings = {
				ALWAYS_SEARCH_USER_PATHS = NO;
				CLANG_ANALYZER_NONNULL = YES;
				CLANG_ANALYZER_NUMBER_OBJECT_CONVERSION = YES_AGGRESSIVE;
				CLANG_CXX_LANGUAGE_STANDARD = "gnu++14";
				CLANG_CXX_LIBRARY = "libc++";
				CLANG_ENABLE_MODULES = YES;
				CLANG_ENABLE_OBJC_ARC = YES;
				CLANG_ENABLE_OBJC_WEAK = YES;
				CLANG_WARN_BLOCK_CAPTURE_AUTORELEASING = YES;
				CLANG_WARN_BOOL_CONVERSION = YES;
				CLANG_WARN_COMMA = YES;
				CLANG_WARN_CONSTANT_CONVERSION = YES;
				CLANG_WARN_DEPRECATED_OBJC_IMPLEMENTATIONS = YES;
				CLANG_WARN_DIRECT_OBJC_ISA_USAGE = YES_ERROR;
				CLANG_WARN_DOCUMENTATION_COMMENTS = YES;
				CLANG_WARN_EMPTY_BODY = YES;
				CLANG_WARN_ENUM_CONVERSION = YES;
				CLANG_WARN_INFINITE_RECURSION = YES;
				CLANG_WARN_INT_CONVERSION = YES;
				CLANG_WARN_NON_LITERAL_NULL_CONVERSION = YES;
				CLANG_WARN_OBJC_IMPLICIT_RETAIN_SELF = YES;
				CLANG_WARN_OBJC_LITERAL_CONVERSION = YES;
				CLANG_WARN_OBJC_ROOT_CLASS = YES_ERROR;
				CLANG_WARN_RANGE_LOOP_ANALYSIS = YES;
				CLANG_WARN_STRICT_PROTOTYPES = YES;
				CLANG_WARN_SUSPICIOUS_MOVE = YES;
				CLANG_WARN_UNGUARDED_AVAILABILITY = YES_AGGRESSIVE;
				CLANG_WARN_UNREACHABLE_CODE = YES;
				CLANG_WARN__DUPLICATE_METHOD_MATCH = YES;
				CODE_SIGN_IDENTITY = "iPhone Developer";
				COPY_PHASE_STRIP = NO;
				DEBUG_INFORMATION_FORMAT = dwarf;
				ENABLE_STRICT_OBJC_MSGSEND = YES;
				ENABLE_TESTABILITY = YES;
				GCC_C_LANGUAGE_STANDARD = gnu11;
				GCC_DYNAMIC_NO_PIC = NO;
				GCC_NO_COMMON_BLOCKS = YES;
				GCC_OPTIMIZATION_LEVEL = 0;
				GCC_PREPROCESSOR_DEFINITIONS = (
					"DEBUG=1",
					"$(inherited)",
				);
				GCC_WARN_64_TO_32_BIT_CONVERSION = YES;
				GCC_WARN_ABOUT_RETURN_TYPE = YES_ERROR;
				GCC_WARN_UNDECLARED_SELECTOR = YES;
				GCC_WARN_UNINITIALIZED_AUTOS = YES_AGGRESSIVE;
				GCC_WARN_UNUSED_FUNCTION = YES;
				GCC_WARN_UNUSED_VARIABLE = YES;
				IPHONEOS_DEPLOYMENT_TARGET = 12.1;
				MTL_ENABLE_DEBUG_INFO = INCLUDE_SOURCE;
				MTL_FAST_MATH = YES;
				ONLY_ACTIVE_ARCH = YES;
				SDKROOT = iphoneos;
				SWIFT_ACTIVE_COMPILATION_CONDITIONS = DEBUG;
				SWIFT_OPTIMIZATION_LEVEL = "-Onone";
			};
			name = Debug;
		};
		C4C36C892209399B003ADF72 /* Release */ = {
			isa = XCBuildConfiguration;
			buildSettings = {
				ALWAYS_SEARCH_USER_PATHS = NO;
				CLANG_ANALYZER_NONNULL = YES;
				CLANG_ANALYZER_NUMBER_OBJECT_CONVERSION = YES_AGGRESSIVE;
				CLANG_CXX_LANGUAGE_STANDARD = "gnu++14";
				CLANG_CXX_LIBRARY = "libc++";
				CLANG_ENABLE_MODULES = YES;
				CLANG_ENABLE_OBJC_ARC = YES;
				CLANG_ENABLE_OBJC_WEAK = YES;
				CLANG_WARN_BLOCK_CAPTURE_AUTORELEASING = YES;
				CLANG_WARN_BOOL_CONVERSION = YES;
				CLANG_WARN_COMMA = YES;
				CLANG_WARN_CONSTANT_CONVERSION = YES;
				CLANG_WARN_DEPRECATED_OBJC_IMPLEMENTATIONS = YES;
				CLANG_WARN_DIRECT_OBJC_ISA_USAGE = YES_ERROR;
				CLANG_WARN_DOCUMENTATION_COMMENTS = YES;
				CLANG_WARN_EMPTY_BODY = YES;
				CLANG_WARN_ENUM_CONVERSION = YES;
				CLANG_WARN_INFINITE_RECURSION = YES;
				CLANG_WARN_INT_CONVERSION = YES;
				CLANG_WARN_NON_LITERAL_NULL_CONVERSION = YES;
				CLANG_WARN_OBJC_IMPLICIT_RETAIN_SELF = YES;
				CLANG_WARN_OBJC_LITERAL_CONVERSION = YES;
				CLANG_WARN_OBJC_ROOT_CLASS = YES_ERROR;
				CLANG_WARN_RANGE_LOOP_ANALYSIS = YES;
				CLANG_WARN_STRICT_PROTOTYPES = YES;
				CLANG_WARN_SUSPICIOUS_MOVE = YES;
				CLANG_WARN_UNGUARDED_AVAILABILITY = YES_AGGRESSIVE;
				CLANG_WARN_UNREACHABLE_CODE = YES;
				CLANG_WARN__DUPLICATE_METHOD_MATCH = YES;
				CODE_SIGN_IDENTITY = "iPhone Developer";
				COPY_PHASE_STRIP = NO;
				DEBUG_INFORMATION_FORMAT = "dwarf-with-dsym";
				ENABLE_NS_ASSERTIONS = NO;
				ENABLE_STRICT_OBJC_MSGSEND = YES;
				GCC_C_LANGUAGE_STANDARD = gnu11;
				GCC_NO_COMMON_BLOCKS = YES;
				GCC_WARN_64_TO_32_BIT_CONVERSION = YES;
				GCC_WARN_ABOUT_RETURN_TYPE = YES_ERROR;
				GCC_WARN_UNDECLARED_SELECTOR = YES;
				GCC_WARN_UNINITIALIZED_AUTOS = YES_AGGRESSIVE;
				GCC_WARN_UNUSED_FUNCTION = YES;
				GCC_WARN_UNUSED_VARIABLE = YES;
				IPHONEOS_DEPLOYMENT_TARGET = 12.1;
				MTL_ENABLE_DEBUG_INFO = NO;
				MTL_FAST_MATH = YES;
				SDKROOT = iphoneos;
				SWIFT_COMPILATION_MODE = wholemodule;
				SWIFT_OPTIMIZATION_LEVEL = "-O";
				VALIDATE_PRODUCT = YES;
			};
			name = Release;
		};
		C4C36C8B2209399B003ADF72 /* Debug */ = {
			isa = XCBuildConfiguration;
			buildSettings = {
				ASSETCATALOG_COMPILER_APPICON_NAME = AppIcon;
				CODE_SIGN_STYLE = Automatic;
				DEVELOPMENT_TEAM = VL892F87QQ;
				INFOPLIST_FILE = "$(SRCROOT)/Weight Lift/Resources/Info.plist";
				LD_RUNPATH_SEARCH_PATHS = (
					"$(inherited)",
					"@executable_path/Frameworks",
				);
				PRODUCT_BUNDLE_IDENTIFIER = "com.glaslabs.Weight-Lift";
				PRODUCT_NAME = "$(TARGET_NAME)";
				SWIFT_VERSION = 4.2;
				TARGETED_DEVICE_FAMILY = "1,2";
			};
			name = Debug;
		};
		C4C36C8C2209399B003ADF72 /* Release */ = {
			isa = XCBuildConfiguration;
			buildSettings = {
				ASSETCATALOG_COMPILER_APPICON_NAME = AppIcon;
				CODE_SIGN_STYLE = Automatic;
				DEVELOPMENT_TEAM = VL892F87QQ;
				INFOPLIST_FILE = "$(SRCROOT)/Weight Lift/Resources/Info.plist";
				LD_RUNPATH_SEARCH_PATHS = (
					"$(inherited)",
					"@executable_path/Frameworks",
				);
				PRODUCT_BUNDLE_IDENTIFIER = "com.glaslabs.Weight-Lift";
				PRODUCT_NAME = "$(TARGET_NAME)";
				SWIFT_VERSION = 4.2;
				TARGETED_DEVICE_FAMILY = "1,2";
			};
			name = Release;
		};
/* End XCBuildConfiguration section */

/* Begin XCConfigurationList section */
		C4C36C732209399A003ADF72 /* Build configuration list for PBXProject "Weight Lift" */ = {
			isa = XCConfigurationList;
			buildConfigurations = (
				C4C36C882209399B003ADF72 /* Debug */,
				C4C36C892209399B003ADF72 /* Release */,
			);
			defaultConfigurationIsVisible = 0;
			defaultConfigurationName = Release;
		};
		C4C36C8A2209399B003ADF72 /* Build configuration list for PBXNativeTarget "Weight Lift" */ = {
			isa = XCConfigurationList;
			buildConfigurations = (
				C4C36C8B2209399B003ADF72 /* Debug */,
				C4C36C8C2209399B003ADF72 /* Release */,
			);
			defaultConfigurationIsVisible = 0;
			defaultConfigurationName = Release;
		};
/* End XCConfigurationList section */
	};
	rootObject = C4C36C702209399A003ADF72 /* Project object */;
}
